
Microsoft Visual Studio Solution File, Format Version 12.00
# Visual Studio Version 17
VisualStudioVersion = 17.4.33122.133
MinimumVisualStudioVersion = 10.0.40219.1
Project("{888888A0-9F3D-457C-B088-3A5042F75D52}") = "B-2_sport", "B-2_sport\B-2_sport.pyproj", "{74FDD739-3C50-464C-A27F-7A1FDDE6428F}"
EndProject
Global
	GlobalSection(SolutionConfigurationPlatforms) = preSolution
		Debug|Any CPU = Debug|Any CPU
		Release|Any CPU = Release|Any CPU
	EndGlobalSection
	GlobalSection(ProjectConfigurationPlatforms) = postSolution
		{74FDD739-3C50-464C-A27F-7A1FDDE6428F}.Debug|Any CPU.ActiveCfg = Debug|Any CPU
		{74FDD739-3C50-464C-A27F-7A1FDDE6428F}.Release|Any CPU.ActiveCfg = Release|Any CPU
	EndGlobalSection
	GlobalSection(SolutionProperties) = preSolution
		HideSolutionNode = FALSE
	EndGlobalSection
	GlobalSection(ExtensibilityGlobals) = postSolution
		SolutionGuid = {06731BE3-7046-4CD9-B8A8-857CFF9AA2F6}
	EndGlobalSection
EndGlobal
