
Microsoft Visual Studio Solution File, Format Version 12.00
# Visual Studio Version 17
VisualStudioVersion = 17.4.33122.133
MinimumVisualStudioVersion = 10.0.40219.1
Project("{888888A0-9F3D-457C-B088-3A5042F75D52}") = "Sonstik", "Sonstik\Sonstik.pyproj", "{75DC2023-184A-41FE-894F-7FA15F00941D}"
EndProject
Global
	GlobalSection(SolutionConfigurationPlatforms) = preSolution
		Debug|Any CPU = Debug|Any CPU
		Release|Any CPU = Release|Any CPU
	EndGlobalSection
	GlobalSection(ProjectConfigurationPlatforms) = postSolution
		{75DC2023-184A-41FE-894F-7FA15F00941D}.Debug|Any CPU.ActiveCfg = Debug|Any CPU
		{75DC2023-184A-41FE-894F-7FA15F00941D}.Release|Any CPU.ActiveCfg = Release|Any CPU
	EndGlobalSection
	GlobalSection(SolutionProperties) = preSolution
		HideSolutionNode = FALSE
	EndGlobalSection
	GlobalSection(ExtensibilityGlobals) = postSolution
		SolutionGuid = {7476F628-3A83-4986-9FD6-BA0532589E84}
	EndGlobalSection
EndGlobal
