
Microsoft Visual Studio Solution File, Format Version 12.00
# Visual Studio Version 17
VisualStudioVersion = 17.4.33205.214
MinimumVisualStudioVersion = 10.0.40219.1
Project("{FAE04EC0-301F-11D3-BF4B-00C04F79EFBC}") = "uss_Nikulina_uss", "uss_Nikulina_uss.csproj", "{42E5A99C-0AE9-4FED-8B04-53AB57C0B0FE}"
EndProject
Global
	GlobalSection(SolutionConfigurationPlatforms) = preSolution
		Debug|Any CPU = Debug|Any CPU
		Release|Any CPU = Release|Any CPU
	EndGlobalSection
	GlobalSection(ProjectConfigurationPlatforms) = postSolution
		{42E5A99C-0AE9-4FED-8B04-53AB57C0B0FE}.Debug|Any CPU.ActiveCfg = Debug|Any CPU
		{42E5A99C-0AE9-4FED-8B04-53AB57C0B0FE}.Debug|Any CPU.Build.0 = Debug|Any CPU
		{42E5A99C-0AE9-4FED-8B04-53AB57C0B0FE}.Release|Any CPU.ActiveCfg = Release|Any CPU
		{42E5A99C-0AE9-4FED-8B04-53AB57C0B0FE}.Release|Any CPU.Build.0 = Release|Any CPU
	EndGlobalSection
	GlobalSection(SolutionProperties) = preSolution
		HideSolutionNode = FALSE
	EndGlobalSection
	GlobalSection(ExtensibilityGlobals) = postSolution
		SolutionGuid = {4A4095FF-C4D6-4CBA-876B-813B54E0A25A}
	EndGlobalSection
EndGlobal
