
Microsoft Visual Studio Solution File, Format Version 12.00
# Visual Studio Version 17
VisualStudioVersion = 17.6.33723.286
MinimumVisualStudioVersion = 10.0.40219.1
Project("{D954291E-2A0B-460D-934E-DC6B0785DB48}") = "Kordamine_C#", "Kordamine_C#\Kordamine_C#.shproj", "{4C499569-51B1-4863-995F-5F39C76BF331}"
EndProject
Global
	GlobalSection(SolutionProperties) = preSolution
		HideSolutionNode = FALSE
	EndGlobalSection
	GlobalSection(ExtensibilityGlobals) = postSolution
		SolutionGuid = {74A2C9C2-0468-4ADE-BF75-EBFCBA200E7D}
	EndGlobalSection
	GlobalSection(SharedMSBuildProjectFiles) = preSolution
		Kordamine_C#\Kordamine_C#.projitems*{4c499569-51b1-4863-995f-5f39c76bf331}*SharedItemsImports = 13
	EndGlobalSection
EndGlobal
