
Microsoft Visual Studio Solution File, Format Version 12.00
# Visual Studio Version 17
VisualStudioVersion = 17.3.32819.101
MinimumVisualStudioVersion = 10.0.40219.1
Project("{888888A0-9F3D-457C-B088-3A5042F75D52}") = "index massa", "index massa.pyproj", "{3E5C2A10-9A3E-4484-A771-E77A14528721}"
EndProject
Global
	GlobalSection(SolutionConfigurationPlatforms) = preSolution
		Debug|Any CPU = Debug|Any CPU
		Release|Any CPU = Release|Any CPU
	EndGlobalSection
	GlobalSection(ProjectConfigurationPlatforms) = postSolution
		{3E5C2A10-9A3E-4484-A771-E77A14528721}.Debug|Any CPU.ActiveCfg = Debug|Any CPU
		{3E5C2A10-9A3E-4484-A771-E77A14528721}.Release|Any CPU.ActiveCfg = Release|Any CPU
	EndGlobalSection
	GlobalSection(SolutionProperties) = preSolution
		HideSolutionNode = FALSE
	EndGlobalSection
	GlobalSection(ExtensibilityGlobals) = postSolution
		SolutionGuid = {DBC21B2F-ADB0-46BE-91D8-CB3E838502A1}
	EndGlobalSection
EndGlobal
