
Microsoft Visual Studio Solution File, Format Version 12.00
# Visual Studio Version 17
VisualStudioVersion = 17.2.32519.379
MinimumVisualStudioVersion = 10.0.40219.1
Project("{888888A0-9F3D-457C-B088-3A5042F75D52}") = "MartinNommiste-opetaaror-IF", "MartinNommiste-opetaaror-IF.pyproj", "{E51258AC-BA51-4B7F-BB46-DF9541CA6133}"
EndProject
Global
	GlobalSection(SolutionConfigurationPlatforms) = preSolution
		Debug|Any CPU = Debug|Any CPU
		Release|Any CPU = Release|Any CPU
	EndGlobalSection
	GlobalSection(ProjectConfigurationPlatforms) = postSolution
		{E51258AC-BA51-4B7F-BB46-DF9541CA6133}.Debug|Any CPU.ActiveCfg = Debug|Any CPU
		{E51258AC-BA51-4B7F-BB46-DF9541CA6133}.Release|Any CPU.ActiveCfg = Release|Any CPU
	EndGlobalSection
	GlobalSection(SolutionProperties) = preSolution
		HideSolutionNode = FALSE
	EndGlobalSection
	GlobalSection(ExtensibilityGlobals) = postSolution
		SolutionGuid = {02512060-A0B1-49A2-83A4-A9558F11C383}
	EndGlobalSection
EndGlobal
